
Microsoft Visual Studio Solution File, Format Version 12.00
Project("{FAE04EC0-301F-11D3-BF4B-00C04F79EFBC}") = "VideoGamesStore", "VideoGamesStore.csproj", "{EDCF39A0-75E0-4BB5-BAF2-48827AC0609F}"
EndProject
Global
	GlobalSection(SolutionConfigurationPlatforms) = preSolution
		Debug|Any CPU = Debug|Any CPU
		Release|Any CPU = Release|Any CPU
	EndGlobalSection
	GlobalSection(ProjectConfigurationPlatforms) = postSolution
		{EDCF39A0-75E0-4BB5-BAF2-48827AC0609F}.Debug|Any CPU.ActiveCfg = Debug|Any CPU
		{EDCF39A0-75E0-4BB5-BAF2-48827AC0609F}.Debug|Any CPU.Build.0 = Debug|Any CPU
		{EDCF39A0-75E0-4BB5-BAF2-48827AC0609F}.Release|Any CPU.ActiveCfg = Release|Any CPU
		{EDCF39A0-75E0-4BB5-BAF2-48827AC0609F}.Release|Any CPU.Build.0 = Release|Any CPU
	EndGlobalSection
EndGlobal
